
Microsoft Visual Studio Solution File, Format Version 12.00
# Visual Studio 15
VisualStudioVersion = 15.0.26430.12
MinimumVisualStudioVersion = 10.0.40219.1
Project("{FAE04EC0-301F-11D3-BF4B-00C04F79EFBC}") = "Planetarium", "Planetarium\Planetarium.csproj", "{13A45C13-3265-47B8-BC48-A553B569DF55}"
EndProject
Project("{FAE04EC0-301F-11D3-BF4B-00C04F79EFBC}") = "Assembly-CSharp", "C:\Users\abornst\Documents\SpatialMapping\HolographicAcademy-Holograms-230-SpatialMapping\Planetarium\App\GeneratedProjects\UWP\Assembly-CSharp\Assembly-CSharp.csproj", "{DD02F2A4-91C9-4463-A9AE-3967D46486A6}"
EndProject
Project("{FAE04EC0-301F-11D3-BF4B-00C04F79EFBC}") = "Assembly-CSharp-firstpass", "C:\Users\abornst\Documents\SpatialMapping\HolographicAcademy-Holograms-230-SpatialMapping\Planetarium\App\GeneratedProjects\UWP\Assembly-CSharp-firstpass\Assembly-CSharp-firstpass.csproj", "{4890DC61-9F3B-434A-B476-C58D851F1ADC}"
EndProject
Global
	GlobalSection(SolutionConfigurationPlatforms) = preSolution
		Debug|ARM = Debug|ARM
		Debug|x64 = Debug|x64
		Debug|x86 = Debug|x86
		Master|ARM = Master|ARM
		Master|x64 = Master|x64
		Master|x86 = Master|x86
		Release|ARM = Release|ARM
		Release|x64 = Release|x64
		Release|x86 = Release|x86
	EndGlobalSection
	GlobalSection(ProjectConfigurationPlatforms) = postSolution
		{13A45C13-3265-47B8-BC48-A553B569DF55}.Debug|ARM.ActiveCfg = Debug|ARM
		{13A45C13-3265-47B8-BC48-A553B569DF55}.Debug|ARM.Build.0 = Debug|ARM
		{13A45C13-3265-47B8-BC48-A553B569DF55}.Debug|ARM.Deploy.0 = Debug|ARM
		{13A45C13-3265-47B8-BC48-A553B569DF55}.Debug|x64.ActiveCfg = Debug|x64
		{13A45C13-3265-47B8-BC48-A553B569DF55}.Debug|x64.Build.0 = Debug|x64
		{13A45C13-3265-47B8-BC48-A553B569DF55}.Debug|x64.Deploy.0 = Debug|x64
		{13A45C13-3265-47B8-BC48-A553B569DF55}.Debug|x86.ActiveCfg = Debug|x86
		{13A45C13-3265-47B8-BC48-A553B569DF55}.Debug|x86.Build.0 = Debug|x86
		{13A45C13-3265-47B8-BC48-A553B569DF55}.Debug|x86.Deploy.0 = Debug|x86
		{13A45C13-3265-47B8-BC48-A553B569DF55}.Master|ARM.ActiveCfg = Master|ARM
		{13A45C13-3265-47B8-BC48-A553B569DF55}.Master|ARM.Build.0 = Master|ARM
		{13A45C13-3265-47B8-BC48-A553B569DF55}.Master|ARM.Deploy.0 = Master|ARM
		{13A45C13-3265-47B8-BC48-A553B569DF55}.Master|x64.ActiveCfg = Master|x64
		{13A45C13-3265-47B8-BC48-A553B569DF55}.Master|x64.Build.0 = Master|x64
		{13A45C13-3265-47B8-BC48-A553B569DF55}.Master|x64.Deploy.0 = Master|x64
		{13A45C13-3265-47B8-BC48-A553B569DF55}.Master|x86.ActiveCfg = Master|x86
		{13A45C13-3265-47B8-BC48-A553B569DF55}.Master|x86.Build.0 = Master|x86
		{13A45C13-3265-47B8-BC48-A553B569DF55}.Master|x86.Deploy.0 = Master|x86
		{13A45C13-3265-47B8-BC48-A553B569DF55}.Release|ARM.ActiveCfg = Release|ARM
		{13A45C13-3265-47B8-BC48-A553B569DF55}.Release|ARM.Build.0 = Release|ARM
		{13A45C13-3265-47B8-BC48-A553B569DF55}.Release|ARM.Deploy.0 = Release|ARM
		{13A45C13-3265-47B8-BC48-A553B569DF55}.Release|x64.ActiveCfg = Release|x64
		{13A45C13-3265-47B8-BC48-A553B569DF55}.Release|x64.Build.0 = Release|x64
		{13A45C13-3265-47B8-BC48-A553B569DF55}.Release|x64.Deploy.0 = Release|x64
		{13A45C13-3265-47B8-BC48-A553B569DF55}.Release|x86.ActiveCfg = Release|x86
		{13A45C13-3265-47B8-BC48-A553B569DF55}.Release|x86.Build.0 = Release|x86
		{13A45C13-3265-47B8-BC48-A553B569DF55}.Release|x86.Deploy.0 = Release|x86
		{DD02F2A4-91C9-4463-A9AE-3967D46486A6}.Debug|ARM.ActiveCfg = Debug|ARM
		{DD02F2A4-91C9-4463-A9AE-3967D46486A6}.Debug|ARM.Build.0 = Debug|ARM
		{DD02F2A4-91C9-4463-A9AE-3967D46486A6}.Debug|x64.ActiveCfg = Debug|x64
		{DD02F2A4-91C9-4463-A9AE-3967D46486A6}.Debug|x64.Build.0 = Debug|x64
		{DD02F2A4-91C9-4463-A9AE-3967D46486A6}.Debug|x86.ActiveCfg = Debug|x86
		{DD02F2A4-91C9-4463-A9AE-3967D46486A6}.Debug|x86.Build.0 = Debug|x86
		{DD02F2A4-91C9-4463-A9AE-3967D46486A6}.Master|ARM.ActiveCfg = Master|ARM
		{DD02F2A4-91C9-4463-A9AE-3967D46486A6}.Master|ARM.Build.0 = Master|ARM
		{DD02F2A4-91C9-4463-A9AE-3967D46486A6}.Master|x64.ActiveCfg = Master|x64
		{DD02F2A4-91C9-4463-A9AE-3967D46486A6}.Master|x64.Build.0 = Master|x64
		{DD02F2A4-91C9-4463-A9AE-3967D46486A6}.Master|x86.ActiveCfg = Master|x86
		{DD02F2A4-91C9-4463-A9AE-3967D46486A6}.Master|x86.Build.0 = Master|x86
		{DD02F2A4-91C9-4463-A9AE-3967D46486A6}.Release|ARM.ActiveCfg = Release|ARM
		{DD02F2A4-91C9-4463-A9AE-3967D46486A6}.Release|ARM.Build.0 = Release|ARM
		{DD02F2A4-91C9-4463-A9AE-3967D46486A6}.Release|x64.ActiveCfg = Release|x64
		{DD02F2A4-91C9-4463-A9AE-3967D46486A6}.Release|x64.Build.0 = Release|x64
		{DD02F2A4-91C9-4463-A9AE-3967D46486A6}.Release|x86.ActiveCfg = Release|x86
		{DD02F2A4-91C9-4463-A9AE-3967D46486A6}.Release|x86.Build.0 = Release|x86
		{4890DC61-9F3B-434A-B476-C58D851F1ADC}.Debug|ARM.ActiveCfg = Debug|ARM
		{4890DC61-9F3B-434A-B476-C58D851F1ADC}.Debug|ARM.Build.0 = Debug|ARM
		{4890DC61-9F3B-434A-B476-C58D851F1ADC}.Debug|x64.ActiveCfg = Debug|x64
		{4890DC61-9F3B-434A-B476-C58D851F1ADC}.Debug|x64.Build.0 = Debug|x64
		{4890DC61-9F3B-434A-B476-C58D851F1ADC}.Debug|x86.ActiveCfg = Debug|x86
		{4890DC61-9F3B-434A-B476-C58D851F1ADC}.Debug|x86.Build.0 = Debug|x86
		{4890DC61-9F3B-434A-B476-C58D851F1ADC}.Master|ARM.ActiveCfg = Master|ARM
		{4890DC61-9F3B-434A-B476-C58D851F1ADC}.Master|ARM.Build.0 = Master|ARM
		{4890DC61-9F3B-434A-B476-C58D851F1ADC}.Master|x64.ActiveCfg = Master|x64
		{4890DC61-9F3B-434A-B476-C58D851F1ADC}.Master|x64.Build.0 = Master|x64
		{4890DC61-9F3B-434A-B476-C58D851F1ADC}.Master|x86.ActiveCfg = Master|x86
		{4890DC61-9F3B-434A-B476-C58D851F1ADC}.Master|x86.Build.0 = Master|x86
		{4890DC61-9F3B-434A-B476-C58D851F1ADC}.Release|ARM.ActiveCfg = Release|ARM
		{4890DC61-9F3B-434A-B476-C58D851F1ADC}.Release|ARM.Build.0 = Release|ARM
		{4890DC61-9F3B-434A-B476-C58D851F1ADC}.Release|x64.ActiveCfg = Release|x64
		{4890DC61-9F3B-434A-B476-C58D851F1ADC}.Release|x64.Build.0 = Release|x64
		{4890DC61-9F3B-434A-B476-C58D851F1ADC}.Release|x86.ActiveCfg = Release|x86
		{4890DC61-9F3B-434A-B476-C58D851F1ADC}.Release|x86.Build.0 = Release|x86
	EndGlobalSection
	GlobalSection(SolutionProperties) = preSolution
		HideSolutionNode = FALSE
	EndGlobalSection
EndGlobal
